
Microsoft Visual Studio Solution File, Format Version 12.00
# Visual Studio 2013
VisualStudioVersion = 12.0.21005.1
MinimumVisualStudioVersion = 10.0.40219.1
Project("{FAE04EC0-301F-11D3-BF4B-00C04F79EFBC}") = "HKTHMall.Services", "HKTHMall.Services\HKTHMall.Services.csproj", "{49FA12F3-6C80-4B23-A7E8-C7526291AE15}"
EndProject
Project("{FAE04EC0-301F-11D3-BF4B-00C04F79EFBC}") = "HKTHMall.Core", "HKTHMall.Core\HKTHMall.Core.csproj", "{159E8EC8-B111-41F7-86DC-DFCE3EE47931}"
EndProject
Project("{FAE04EC0-301F-11D3-BF4B-00C04F79EFBC}") = "HKTHMall.Domain", "HKTHMall.Domain\HKTHMall.Domain.csproj", "{4EA27DC4-2015-46E9-8751-F30748DF95B2}"
EndProject
Project("{2150E333-8FDC-42A3-9474-1A3956D46DE8}") = "Tests", "Tests", "{81B27991-3D9D-45F3-B2A2-C7E330FCCCD4}"
EndProject
Project("{2150E333-8FDC-42A3-9474-1A3956D46DE8}") = "Src", "Src", "{2EE17743-060C-4387-9420-6B39560DAFF6}"
EndProject
Project("{FAE04EC0-301F-11D3-BF4B-00C04F79EFBC}") = "HKTHMall.Services.Tests", "HKTHMall.Services.Tests\HKTHMall.Services.Tests.csproj", "{A04F0C76-94A6-4D82-8077-FA4509DEFE8E}"
EndProject
Project("{2150E333-8FDC-42A3-9474-1A3956D46DE8}") = "Framework", "Framework", "{1EC6CA5B-3EEA-4AB2-96A5-F00457925D60}"
EndProject
Project("{FAE04EC0-301F-11D3-BF4B-00C04F79EFBC}") = "HKTHMall.Admin", "HKTHMall.Admin\HKTHMall.Admin.csproj", "{C8382C35-CD3A-464A-BE9A-57B977C62195}"
EndProject
Project("{FAE04EC0-301F-11D3-BF4B-00C04F79EFBC}") = "HKTHMall.Web", "HKTHMall.Web\HKTHMall.Web.csproj", "{38061261-45CC-4616-AC54-727BB3492F8A}"
EndProject
Project("{FAE04EC0-301F-11D3-BF4B-00C04F79EFBC}") = "BrCms.Framework", "Framework\BrCms.Framework\BrCms.Framework.csproj", "{8B76817C-AA83-4058-99B0-E4EEFCAE797A}"
EndProject
Project("{FAE04EC0-301F-11D3-BF4B-00C04F79EFBC}") = "BrCms.Framework.Mvc", "Framework\BrCms.Framework.Mvc\BrCms.Framework.Mvc.csproj", "{CFE258E4-7B55-45C5-ACCA-98A0E56953BA}"
EndProject
Project("{FAE04EC0-301F-11D3-BF4B-00C04F79EFBC}") = "Simple.Data", "Framework\Simple.Data\Simple.Data.csproj", "{148CEE80-2E84-4ABD-B5AB-20415B2BBD21}"
EndProject
Project("{FAE04EC0-301F-11D3-BF4B-00C04F79EFBC}") = "Simple.Data.Ado", "Framework\Simple.Data.Ado\Simple.Data.Ado.csproj", "{ECC2D7DB-EC7F-44B6-B09F-5B471C629685}"
EndProject
Project("{FAE04EC0-301F-11D3-BF4B-00C04F79EFBC}") = "Simple.Data.SqlServer", "Framework\Simple.Data.SqlServer\Simple.Data.SqlServer.csproj", "{E24F1C0F-3DCD-4BE5-9A6E-78EF6CB392A1}"
EndProject
Project("{FAE04EC0-301F-11D3-BF4B-00C04F79EFBC}") = "Simple.Data.RawSql", "Framework\Simple.Data.RawSql\Simple.Data.RawSql.csproj", "{E8C9BF53-0E6C-40FB-AECA-5BEDE76693C6}"
EndProject
Project("{FAE04EC0-301F-11D3-BF4B-00C04F79EFBC}") = "HKTMall.Monitor.Services", "HKTMall.Monitor.Services\HKTMall.Monitor.Services.csproj", "{B88D520E-D48C-4C6F-987B-C6C03BDE6C54}"
EndProject
Project("{FAE04EC0-301F-11D3-BF4B-00C04F79EFBC}") = "TestService", "TestService\TestService.csproj", "{49A740CF-1153-42A9-9A67-9E52A047FB8C}"
EndProject
Project("{FAE04EC0-301F-11D3-BF4B-00C04F79EFBC}") = "BrCms.Framework.WebApi2", "BrCms.Framework.WebApi2\BrCms.Framework.WebApi2.csproj", "{3AC18C09-36C0-40A7-AF0A-585CFB177084}"
EndProject
Project("{FAE04EC0-301F-11D3-BF4B-00C04F79EFBC}") = "HKTHMall.WebApi", "HKTHMall.WebApi\HKTHMall.WebApi.csproj", "{A47BB20C-9F56-4739-AD5B-E72CE3CFB5F9}"
EndProject
Project("{FAE04EC0-301F-11D3-BF4B-00C04F79EFBC}") = "HKTHMall.Order.MQ.ListenerService", "HKTHMall.Order.MQ.ListenerService\HKTHMall.Order.MQ.ListenerService.csproj", "{F6D90912-148E-4BF0-8119-984F730CB6C8}"
EndProject
Project("{FAE04EC0-301F-11D3-BF4B-00C04F79EFBC}") = "OfficialWeb", "OfficialWeb\OfficialWeb.csproj", "{8061811D-321E-46EC-A68D-A964C358ADBF}"
EndProject
Project("{FAE04EC0-301F-11D3-BF4B-00C04F79EFBC}") = "HKTHMall.Suppliers", "HKTHMall.Suppliers\HKTHMall.Suppliers.csproj", "{2994DBD9-1077-4AA8-9EDE-E1AA3461CCB7}"
EndProject
Project("{FAE04EC0-301F-11D3-BF4B-00C04F79EFBC}") = "HKTH.Framework.Dapper", "Framework\HKTH.Framework.Dapper\HKTH.Framework.Dapper.csproj", "{DB3B7067-AC73-419D-9CC4-E12EA61238A0}"
EndProject
Project("{FAE04EC0-301F-11D3-BF4B-00C04F79EFBC}") = "HKTHMall.CashBack.Services", "HKTHMall.CashBack.Services\HKTHMall.CashBack.Services.csproj", "{D095B5CE-5C4B-4A51-BF99-5F61CECE8960}"
EndProject
Global
	GlobalSection(SolutionConfigurationPlatforms) = preSolution
		Debug|Any CPU = Debug|Any CPU
		Release|Any CPU = Release|Any CPU
		Release-Mono|Any CPU = Release-Mono|Any CPU
	EndGlobalSection
	GlobalSection(ProjectConfigurationPlatforms) = postSolution
		{49FA12F3-6C80-4B23-A7E8-C7526291AE15}.Debug|Any CPU.ActiveCfg = Debug|Any CPU
		{49FA12F3-6C80-4B23-A7E8-C7526291AE15}.Debug|Any CPU.Build.0 = Debug|Any CPU
		{49FA12F3-6C80-4B23-A7E8-C7526291AE15}.Release|Any CPU.ActiveCfg = Release|Any CPU
		{49FA12F3-6C80-4B23-A7E8-C7526291AE15}.Release|Any CPU.Build.0 = Release|Any CPU
		{49FA12F3-6C80-4B23-A7E8-C7526291AE15}.Release-Mono|Any CPU.ActiveCfg = Release|Any CPU
		{49FA12F3-6C80-4B23-A7E8-C7526291AE15}.Release-Mono|Any CPU.Build.0 = Release|Any CPU
		{159E8EC8-B111-41F7-86DC-DFCE3EE47931}.Debug|Any CPU.ActiveCfg = Debug|Any CPU
		{159E8EC8-B111-41F7-86DC-DFCE3EE47931}.Debug|Any CPU.Build.0 = Debug|Any CPU
		{159E8EC8-B111-41F7-86DC-DFCE3EE47931}.Release|Any CPU.ActiveCfg = Release|Any CPU
		{159E8EC8-B111-41F7-86DC-DFCE3EE47931}.Release|Any CPU.Build.0 = Release|Any CPU
		{159E8EC8-B111-41F7-86DC-DFCE3EE47931}.Release-Mono|Any CPU.ActiveCfg = Release|Any CPU
		{159E8EC8-B111-41F7-86DC-DFCE3EE47931}.Release-Mono|Any CPU.Build.0 = Release|Any CPU
		{4EA27DC4-2015-46E9-8751-F30748DF95B2}.Debug|Any CPU.ActiveCfg = Debug|Any CPU
		{4EA27DC4-2015-46E9-8751-F30748DF95B2}.Debug|Any CPU.Build.0 = Debug|Any CPU
		{4EA27DC4-2015-46E9-8751-F30748DF95B2}.Release|Any CPU.ActiveCfg = Release|Any CPU
		{4EA27DC4-2015-46E9-8751-F30748DF95B2}.Release|Any CPU.Build.0 = Release|Any CPU
		{4EA27DC4-2015-46E9-8751-F30748DF95B2}.Release-Mono|Any CPU.ActiveCfg = Release|Any CPU
		{4EA27DC4-2015-46E9-8751-F30748DF95B2}.Release-Mono|Any CPU.Build.0 = Release|Any CPU
		{A04F0C76-94A6-4D82-8077-FA4509DEFE8E}.Debug|Any CPU.ActiveCfg = Debug|Any CPU
		{A04F0C76-94A6-4D82-8077-FA4509DEFE8E}.Debug|Any CPU.Build.0 = Debug|Any CPU
		{A04F0C76-94A6-4D82-8077-FA4509DEFE8E}.Release|Any CPU.ActiveCfg = Release|Any CPU
		{A04F0C76-94A6-4D82-8077-FA4509DEFE8E}.Release|Any CPU.Build.0 = Release|Any CPU
		{A04F0C76-94A6-4D82-8077-FA4509DEFE8E}.Release-Mono|Any CPU.ActiveCfg = Release|Any CPU
		{A04F0C76-94A6-4D82-8077-FA4509DEFE8E}.Release-Mono|Any CPU.Build.0 = Release|Any CPU
		{C8382C35-CD3A-464A-BE9A-57B977C62195}.Debug|Any CPU.ActiveCfg = Debug|Any CPU
		{C8382C35-CD3A-464A-BE9A-57B977C62195}.Debug|Any CPU.Build.0 = Debug|Any CPU
		{C8382C35-CD3A-464A-BE9A-57B977C62195}.Release|Any CPU.ActiveCfg = Release|Any CPU
		{C8382C35-CD3A-464A-BE9A-57B977C62195}.Release|Any CPU.Build.0 = Release|Any CPU
		{C8382C35-CD3A-464A-BE9A-57B977C62195}.Release-Mono|Any CPU.ActiveCfg = Release|Any CPU
		{C8382C35-CD3A-464A-BE9A-57B977C62195}.Release-Mono|Any CPU.Build.0 = Release|Any CPU
		{38061261-45CC-4616-AC54-727BB3492F8A}.Debug|Any CPU.ActiveCfg = Debug|Any CPU
		{38061261-45CC-4616-AC54-727BB3492F8A}.Debug|Any CPU.Build.0 = Debug|Any CPU
		{38061261-45CC-4616-AC54-727BB3492F8A}.Release|Any CPU.ActiveCfg = Release|Any CPU
		{38061261-45CC-4616-AC54-727BB3492F8A}.Release|Any CPU.Build.0 = Release|Any CPU
		{38061261-45CC-4616-AC54-727BB3492F8A}.Release-Mono|Any CPU.ActiveCfg = Release|Any CPU
		{38061261-45CC-4616-AC54-727BB3492F8A}.Release-Mono|Any CPU.Build.0 = Release|Any CPU
		{8B76817C-AA83-4058-99B0-E4EEFCAE797A}.Debug|Any CPU.ActiveCfg = Debug|Any CPU
		{8B76817C-AA83-4058-99B0-E4EEFCAE797A}.Debug|Any CPU.Build.0 = Debug|Any CPU
		{8B76817C-AA83-4058-99B0-E4EEFCAE797A}.Release|Any CPU.ActiveCfg = Release|Any CPU
		{8B76817C-AA83-4058-99B0-E4EEFCAE797A}.Release|Any CPU.Build.0 = Release|Any CPU
		{8B76817C-AA83-4058-99B0-E4EEFCAE797A}.Release-Mono|Any CPU.ActiveCfg = Release|Any CPU
		{8B76817C-AA83-4058-99B0-E4EEFCAE797A}.Release-Mono|Any CPU.Build.0 = Release|Any CPU
		{CFE258E4-7B55-45C5-ACCA-98A0E56953BA}.Debug|Any CPU.ActiveCfg = Debug|Any CPU
		{CFE258E4-7B55-45C5-ACCA-98A0E56953BA}.Debug|Any CPU.Build.0 = Debug|Any CPU
		{CFE258E4-7B55-45C5-ACCA-98A0E56953BA}.Release|Any CPU.ActiveCfg = Release|Any CPU
		{CFE258E4-7B55-45C5-ACCA-98A0E56953BA}.Release|Any CPU.Build.0 = Release|Any CPU
		{CFE258E4-7B55-45C5-ACCA-98A0E56953BA}.Release-Mono|Any CPU.ActiveCfg = Release|Any CPU
		{CFE258E4-7B55-45C5-ACCA-98A0E56953BA}.Release-Mono|Any CPU.Build.0 = Release|Any CPU
		{148CEE80-2E84-4ABD-B5AB-20415B2BBD21}.Debug|Any CPU.ActiveCfg = Debug|Any CPU
		{148CEE80-2E84-4ABD-B5AB-20415B2BBD21}.Debug|Any CPU.Build.0 = Debug|Any CPU
		{148CEE80-2E84-4ABD-B5AB-20415B2BBD21}.Release|Any CPU.ActiveCfg = Release|Any CPU
		{148CEE80-2E84-4ABD-B5AB-20415B2BBD21}.Release|Any CPU.Build.0 = Release|Any CPU
		{148CEE80-2E84-4ABD-B5AB-20415B2BBD21}.Release-Mono|Any CPU.ActiveCfg = Release-Mono|Any CPU
		{148CEE80-2E84-4ABD-B5AB-20415B2BBD21}.Release-Mono|Any CPU.Build.0 = Release-Mono|Any CPU
		{ECC2D7DB-EC7F-44B6-B09F-5B471C629685}.Debug|Any CPU.ActiveCfg = Debug|Any CPU
		{ECC2D7DB-EC7F-44B6-B09F-5B471C629685}.Debug|Any CPU.Build.0 = Debug|Any CPU
		{ECC2D7DB-EC7F-44B6-B09F-5B471C629685}.Release|Any CPU.ActiveCfg = Release|Any CPU
		{ECC2D7DB-EC7F-44B6-B09F-5B471C629685}.Release|Any CPU.Build.0 = Release|Any CPU
		{ECC2D7DB-EC7F-44B6-B09F-5B471C629685}.Release-Mono|Any CPU.ActiveCfg = Release-Mono|Any CPU
		{ECC2D7DB-EC7F-44B6-B09F-5B471C629685}.Release-Mono|Any CPU.Build.0 = Release-Mono|Any CPU
		{E24F1C0F-3DCD-4BE5-9A6E-78EF6CB392A1}.Debug|Any CPU.ActiveCfg = Debug|Any CPU
		{E24F1C0F-3DCD-4BE5-9A6E-78EF6CB392A1}.Debug|Any CPU.Build.0 = Debug|Any CPU
		{E24F1C0F-3DCD-4BE5-9A6E-78EF6CB392A1}.Release|Any CPU.ActiveCfg = Release|Any CPU
		{E24F1C0F-3DCD-4BE5-9A6E-78EF6CB392A1}.Release|Any CPU.Build.0 = Release|Any CPU
		{E24F1C0F-3DCD-4BE5-9A6E-78EF6CB392A1}.Release-Mono|Any CPU.ActiveCfg = Release-Mono|Any CPU
		{E24F1C0F-3DCD-4BE5-9A6E-78EF6CB392A1}.Release-Mono|Any CPU.Build.0 = Release-Mono|Any CPU
		{E8C9BF53-0E6C-40FB-AECA-5BEDE76693C6}.Debug|Any CPU.ActiveCfg = Debug|Any CPU
		{E8C9BF53-0E6C-40FB-AECA-5BEDE76693C6}.Debug|Any CPU.Build.0 = Debug|Any CPU
		{E8C9BF53-0E6C-40FB-AECA-5BEDE76693C6}.Release|Any CPU.ActiveCfg = Release|Any CPU
		{E8C9BF53-0E6C-40FB-AECA-5BEDE76693C6}.Release|Any CPU.Build.0 = Release|Any CPU
		{E8C9BF53-0E6C-40FB-AECA-5BEDE76693C6}.Release-Mono|Any CPU.ActiveCfg = Release|Any CPU
		{E8C9BF53-0E6C-40FB-AECA-5BEDE76693C6}.Release-Mono|Any CPU.Build.0 = Release|Any CPU
		{B88D520E-D48C-4C6F-987B-C6C03BDE6C54}.Debug|Any CPU.ActiveCfg = Debug|Any CPU
		{B88D520E-D48C-4C6F-987B-C6C03BDE6C54}.Debug|Any CPU.Build.0 = Debug|Any CPU
		{B88D520E-D48C-4C6F-987B-C6C03BDE6C54}.Release|Any CPU.ActiveCfg = Release|Any CPU
		{B88D520E-D48C-4C6F-987B-C6C03BDE6C54}.Release|Any CPU.Build.0 = Release|Any CPU
		{B88D520E-D48C-4C6F-987B-C6C03BDE6C54}.Release-Mono|Any CPU.ActiveCfg = Release|Any CPU
		{B88D520E-D48C-4C6F-987B-C6C03BDE6C54}.Release-Mono|Any CPU.Build.0 = Release|Any CPU
		{49A740CF-1153-42A9-9A67-9E52A047FB8C}.Debug|Any CPU.ActiveCfg = Debug|Any CPU
		{49A740CF-1153-42A9-9A67-9E52A047FB8C}.Debug|Any CPU.Build.0 = Debug|Any CPU
		{49A740CF-1153-42A9-9A67-9E52A047FB8C}.Release|Any CPU.ActiveCfg = Release|Any CPU
		{49A740CF-1153-42A9-9A67-9E52A047FB8C}.Release|Any CPU.Build.0 = Release|Any CPU
		{49A740CF-1153-42A9-9A67-9E52A047FB8C}.Release-Mono|Any CPU.ActiveCfg = Release|Any CPU
		{49A740CF-1153-42A9-9A67-9E52A047FB8C}.Release-Mono|Any CPU.Build.0 = Release|Any CPU
		{3AC18C09-36C0-40A7-AF0A-585CFB177084}.Debug|Any CPU.ActiveCfg = Debug|Any CPU
		{3AC18C09-36C0-40A7-AF0A-585CFB177084}.Debug|Any CPU.Build.0 = Debug|Any CPU
		{3AC18C09-36C0-40A7-AF0A-585CFB177084}.Release|Any CPU.ActiveCfg = Release|Any CPU
		{3AC18C09-36C0-40A7-AF0A-585CFB177084}.Release|Any CPU.Build.0 = Release|Any CPU
		{3AC18C09-36C0-40A7-AF0A-585CFB177084}.Release-Mono|Any CPU.ActiveCfg = Release|Any CPU
		{3AC18C09-36C0-40A7-AF0A-585CFB177084}.Release-Mono|Any CPU.Build.0 = Release|Any CPU
		{A47BB20C-9F56-4739-AD5B-E72CE3CFB5F9}.Debug|Any CPU.ActiveCfg = Debug|Any CPU
		{A47BB20C-9F56-4739-AD5B-E72CE3CFB5F9}.Debug|Any CPU.Build.0 = Debug|Any CPU
		{A47BB20C-9F56-4739-AD5B-E72CE3CFB5F9}.Release|Any CPU.ActiveCfg = Release|Any CPU
		{A47BB20C-9F56-4739-AD5B-E72CE3CFB5F9}.Release|Any CPU.Build.0 = Release|Any CPU
		{A47BB20C-9F56-4739-AD5B-E72CE3CFB5F9}.Release-Mono|Any CPU.ActiveCfg = Release|Any CPU
		{A47BB20C-9F56-4739-AD5B-E72CE3CFB5F9}.Release-Mono|Any CPU.Build.0 = Release|Any CPU
		{F6D90912-148E-4BF0-8119-984F730CB6C8}.Debug|Any CPU.ActiveCfg = Debug|Any CPU
		{F6D90912-148E-4BF0-8119-984F730CB6C8}.Debug|Any CPU.Build.0 = Debug|Any CPU
		{F6D90912-148E-4BF0-8119-984F730CB6C8}.Release|Any CPU.ActiveCfg = Release|Any CPU
		{F6D90912-148E-4BF0-8119-984F730CB6C8}.Release|Any CPU.Build.0 = Release|Any CPU
		{F6D90912-148E-4BF0-8119-984F730CB6C8}.Release-Mono|Any CPU.ActiveCfg = Release|Any CPU
		{F6D90912-148E-4BF0-8119-984F730CB6C8}.Release-Mono|Any CPU.Build.0 = Release|Any CPU
		{8061811D-321E-46EC-A68D-A964C358ADBF}.Debug|Any CPU.ActiveCfg = Debug|Any CPU
		{8061811D-321E-46EC-A68D-A964C358ADBF}.Debug|Any CPU.Build.0 = Debug|Any CPU
		{8061811D-321E-46EC-A68D-A964C358ADBF}.Release|Any CPU.ActiveCfg = Release|Any CPU
		{8061811D-321E-46EC-A68D-A964C358ADBF}.Release|Any CPU.Build.0 = Release|Any CPU
		{8061811D-321E-46EC-A68D-A964C358ADBF}.Release-Mono|Any CPU.ActiveCfg = Release|Any CPU
		{8061811D-321E-46EC-A68D-A964C358ADBF}.Release-Mono|Any CPU.Build.0 = Release|Any CPU
		{2994DBD9-1077-4AA8-9EDE-E1AA3461CCB7}.Debug|Any CPU.ActiveCfg = Debug|Any CPU
		{2994DBD9-1077-4AA8-9EDE-E1AA3461CCB7}.Debug|Any CPU.Build.0 = Debug|Any CPU
		{2994DBD9-1077-4AA8-9EDE-E1AA3461CCB7}.Release|Any CPU.ActiveCfg = Release|Any CPU
		{2994DBD9-1077-4AA8-9EDE-E1AA3461CCB7}.Release|Any CPU.Build.0 = Release|Any CPU
		{2994DBD9-1077-4AA8-9EDE-E1AA3461CCB7}.Release-Mono|Any CPU.ActiveCfg = Release|Any CPU
		{2994DBD9-1077-4AA8-9EDE-E1AA3461CCB7}.Release-Mono|Any CPU.Build.0 = Release|Any CPU
		{DB3B7067-AC73-419D-9CC4-E12EA61238A0}.Debug|Any CPU.ActiveCfg = Debug|Any CPU
		{DB3B7067-AC73-419D-9CC4-E12EA61238A0}.Debug|Any CPU.Build.0 = Debug|Any CPU
		{DB3B7067-AC73-419D-9CC4-E12EA61238A0}.Release|Any CPU.ActiveCfg = Release|Any CPU
		{DB3B7067-AC73-419D-9CC4-E12EA61238A0}.Release|Any CPU.Build.0 = Release|Any CPU
		{DB3B7067-AC73-419D-9CC4-E12EA61238A0}.Release-Mono|Any CPU.ActiveCfg = Release|Any CPU
		{DB3B7067-AC73-419D-9CC4-E12EA61238A0}.Release-Mono|Any CPU.Build.0 = Release|Any CPU
		{D095B5CE-5C4B-4A51-BF99-5F61CECE8960}.Debug|Any CPU.ActiveCfg = Debug|Any CPU
		{D095B5CE-5C4B-4A51-BF99-5F61CECE8960}.Debug|Any CPU.Build.0 = Debug|Any CPU
		{D095B5CE-5C4B-4A51-BF99-5F61CECE8960}.Release|Any CPU.ActiveCfg = Release|Any CPU
		{D095B5CE-5C4B-4A51-BF99-5F61CECE8960}.Release|Any CPU.Build.0 = Release|Any CPU
		{D095B5CE-5C4B-4A51-BF99-5F61CECE8960}.Release-Mono|Any CPU.ActiveCfg = Release|Any CPU
		{D095B5CE-5C4B-4A51-BF99-5F61CECE8960}.Release-Mono|Any CPU.Build.0 = Release|Any CPU
	EndGlobalSection
	GlobalSection(SolutionProperties) = preSolution
		HideSolutionNode = FALSE
	EndGlobalSection
	GlobalSection(NestedProjects) = preSolution
		{159E8EC8-B111-41F7-86DC-DFCE3EE47931} = {2EE17743-060C-4387-9420-6B39560DAFF6}
		{4EA27DC4-2015-46E9-8751-F30748DF95B2} = {2EE17743-060C-4387-9420-6B39560DAFF6}
		{49FA12F3-6C80-4B23-A7E8-C7526291AE15} = {2EE17743-060C-4387-9420-6B39560DAFF6}
		{C8382C35-CD3A-464A-BE9A-57B977C62195} = {2EE17743-060C-4387-9420-6B39560DAFF6}
		{38061261-45CC-4616-AC54-727BB3492F8A} = {2EE17743-060C-4387-9420-6B39560DAFF6}
		{B88D520E-D48C-4C6F-987B-C6C03BDE6C54} = {2EE17743-060C-4387-9420-6B39560DAFF6}
		{49A740CF-1153-42A9-9A67-9E52A047FB8C} = {2EE17743-060C-4387-9420-6B39560DAFF6}
		{A47BB20C-9F56-4739-AD5B-E72CE3CFB5F9} = {2EE17743-060C-4387-9420-6B39560DAFF6}
		{F6D90912-148E-4BF0-8119-984F730CB6C8} = {2EE17743-060C-4387-9420-6B39560DAFF6}
		{8061811D-321E-46EC-A68D-A964C358ADBF} = {2EE17743-060C-4387-9420-6B39560DAFF6}
		{2994DBD9-1077-4AA8-9EDE-E1AA3461CCB7} = {2EE17743-060C-4387-9420-6B39560DAFF6}
		{D095B5CE-5C4B-4A51-BF99-5F61CECE8960} = {2EE17743-060C-4387-9420-6B39560DAFF6}
		{A04F0C76-94A6-4D82-8077-FA4509DEFE8E} = {81B27991-3D9D-45F3-B2A2-C7E330FCCCD4}
		{8B76817C-AA83-4058-99B0-E4EEFCAE797A} = {1EC6CA5B-3EEA-4AB2-96A5-F00457925D60}
		{CFE258E4-7B55-45C5-ACCA-98A0E56953BA} = {1EC6CA5B-3EEA-4AB2-96A5-F00457925D60}
		{148CEE80-2E84-4ABD-B5AB-20415B2BBD21} = {1EC6CA5B-3EEA-4AB2-96A5-F00457925D60}
		{ECC2D7DB-EC7F-44B6-B09F-5B471C629685} = {1EC6CA5B-3EEA-4AB2-96A5-F00457925D60}
		{E24F1C0F-3DCD-4BE5-9A6E-78EF6CB392A1} = {1EC6CA5B-3EEA-4AB2-96A5-F00457925D60}
		{E8C9BF53-0E6C-40FB-AECA-5BEDE76693C6} = {1EC6CA5B-3EEA-4AB2-96A5-F00457925D60}
		{3AC18C09-36C0-40A7-AF0A-585CFB177084} = {1EC6CA5B-3EEA-4AB2-96A5-F00457925D60}
		{DB3B7067-AC73-419D-9CC4-E12EA61238A0} = {1EC6CA5B-3EEA-4AB2-96A5-F00457925D60}
	EndGlobalSection
	GlobalSection(ExtensibilityGlobals) = postSolution
		VisualSVNWorkingCopyRoot = .
	EndGlobalSection
	GlobalSection(SubversionScc) = preSolution
		Svn-Managed = True
		Manager = AnkhSVN - Subversion Support for Visual Studio
	EndGlobalSection
EndGlobal
